
Microsoft Visual Studio Solution File, Format Version 12.00
# Visual Studio 15
VisualStudioVersion = 15.0.28307.1145
MinimumVisualStudioVersion = 10.0.40219.1
Project("{FAE04EC0-301F-11D3-BF4B-00C04F79EFBC}") = "Vic_process_closuserAPI", "Vic_process_closuserAPI\Vic_process_closuserAPI.csproj", "{DBD25B87-CEC8-49CE-9783-607DC42022D0}"
EndProject
Global
	GlobalSection(SolutionConfigurationPlatforms) = preSolution
		Debug|Any CPU = Debug|Any CPU
		Release|Any CPU = Release|Any CPU
	EndGlobalSection
	GlobalSection(ProjectConfigurationPlatforms) = postSolution
		{DBD25B87-CEC8-49CE-9783-607DC42022D0}.Debug|Any CPU.ActiveCfg = Debug|Any CPU
		{DBD25B87-CEC8-49CE-9783-607DC42022D0}.Debug|Any CPU.Build.0 = Debug|Any CPU
		{DBD25B87-CEC8-49CE-9783-607DC42022D0}.Release|Any CPU.ActiveCfg = Release|Any CPU
		{DBD25B87-CEC8-49CE-9783-607DC42022D0}.Release|Any CPU.Build.0 = Release|Any CPU
	EndGlobalSection
	GlobalSection(SolutionProperties) = preSolution
		HideSolutionNode = FALSE
	EndGlobalSection
	GlobalSection(ExtensibilityGlobals) = postSolution
		SolutionGuid = {A58F74F9-9429-438A-9409-1854DB2626A7}
	EndGlobalSection
EndGlobal
